
Microsoft Visual Studio Solution File, Format Version 12.00
# Visual Studio 15
VisualStudioVersion = 15.0.27428.2002
MinimumVisualStudioVersion = 10.0.40219.1
Project("{FAE04EC0-301F-11D3-BF4B-00C04F79EFBC}") = "Xamarin.Android", "Xamarin\Xamarin.Android\Xamarin.Android.csproj", "{7A1F8054-76E7-4D78-BBD8-40DB505C4FFE}"
EndProject
Project("{FAE04EC0-301F-11D3-BF4B-00C04F79EFBC}") = "Xamarin", "Xamarin\Xamarin\Xamarin.csproj", "{AE696A8F-7DBE-4529-8A99-292A31BD4F32}"
EndProject
Global
	GlobalSection(SolutionConfigurationPlatforms) = preSolution
		Debug|Any CPU = Debug|Any CPU
		Release|Any CPU = Release|Any CPU
	EndGlobalSection
	GlobalSection(ProjectConfigurationPlatforms) = postSolution
		{7A1F8054-76E7-4D78-BBD8-40DB505C4FFE}.Debug|Any CPU.ActiveCfg = Debug|Any CPU
		{7A1F8054-76E7-4D78-BBD8-40DB505C4FFE}.Debug|Any CPU.Build.0 = Debug|Any CPU
		{7A1F8054-76E7-4D78-BBD8-40DB505C4FFE}.Debug|Any CPU.Deploy.0 = Debug|Any CPU
		{7A1F8054-76E7-4D78-BBD8-40DB505C4FFE}.Release|Any CPU.ActiveCfg = Release|Any CPU
		{7A1F8054-76E7-4D78-BBD8-40DB505C4FFE}.Release|Any CPU.Build.0 = Release|Any CPU
		{7A1F8054-76E7-4D78-BBD8-40DB505C4FFE}.Release|Any CPU.Deploy.0 = Release|Any CPU
		{AE696A8F-7DBE-4529-8A99-292A31BD4F32}.Debug|Any CPU.ActiveCfg = Debug|Any CPU
		{AE696A8F-7DBE-4529-8A99-292A31BD4F32}.Debug|Any CPU.Build.0 = Debug|Any CPU
		{AE696A8F-7DBE-4529-8A99-292A31BD4F32}.Release|Any CPU.ActiveCfg = Release|Any CPU
		{AE696A8F-7DBE-4529-8A99-292A31BD4F32}.Release|Any CPU.Build.0 = Release|Any CPU
	EndGlobalSection
	GlobalSection(SolutionProperties) = preSolution
		HideSolutionNode = FALSE
	EndGlobalSection
	GlobalSection(ExtensibilityGlobals) = postSolution
		SolutionGuid = {0073FD90-BE38-4F3C-BC14-74A8C956F772}
	EndGlobalSection
EndGlobal
